
Microsoft Visual Studio Solution File, Format Version 12.00
# Visual Studio Version 16
VisualStudioVersion = 16.0.31515.178
MinimumVisualStudioVersion = 10.0.40219.1
Project("{FAE04EC0-301F-11D3-BF4B-00C04F79EFBC}") = "LConnectTrackStatus", "LConnectTrackStatus.csproj", "{11F337F2-2F66-4674-A745-14EFC0B67A43}"
EndProject
Global
	GlobalSection(SolutionConfigurationPlatforms) = preSolution
		Debug|Any CPU = Debug|Any CPU
		Release|Any CPU = Release|Any CPU
	EndGlobalSection
	GlobalSection(ProjectConfigurationPlatforms) = postSolution
		{11F337F2-2F66-4674-A745-14EFC0B67A43}.Debug|Any CPU.ActiveCfg = Debug|Any CPU
		{11F337F2-2F66-4674-A745-14EFC0B67A43}.Debug|Any CPU.Build.0 = Debug|Any CPU
		{11F337F2-2F66-4674-A745-14EFC0B67A43}.Release|Any CPU.ActiveCfg = Release|Any CPU
		{11F337F2-2F66-4674-A745-14EFC0B67A43}.Release|Any CPU.Build.0 = Release|Any CPU
	EndGlobalSection
	GlobalSection(SolutionProperties) = preSolution
		HideSolutionNode = FALSE
	EndGlobalSection
	GlobalSection(ExtensibilityGlobals) = postSolution
		SolutionGuid = {B025DB00-7B8F-437D-A2F3-865A3F1DD993}
	EndGlobalSection
EndGlobal
